Microsoft Visual Studio Solution File, Format Version 12.00
# Visual Studio Version 17
VisualStudioVersion = 17.0.31903.59
MinimumVisualStudioVersion = 15.0.26124.0
Project("{6EC3EE1D-3C4E-46DD-8F32-0CC8E7565705}") = "GiftBudget", "src\GiftBudget\GiftBudget.fsproj", "{EF178058-7006-4ED9-8268-912C3638A81C}"
EndProject
Project("{6EC3EE1D-3C4E-46DD-8F32-0CC8E7565705}") = "Migrations", "src\Migrations\Migrations.fsproj", "{99166CAE-99E9-4F34-A421-48C69C84CB4C}"
EndProject
Project("{6EC3EE1D-3C4E-46DD-8F32-0CC8E7565705}") = "GiftBudget.Tests", "src\GiftBudget.Tests\GiftBudget.Tests.fsproj", "{E0C60B38-8960-4F2A-B9D7-FECAE04F410E}"
EndProject
Project("{F2A71F9B-5D33-465A-A702-920D77279786}") = "Shared", "src\Shared\Shared.fsproj", "{597EE125-1859-4EDF-8EA3-B490ADB95EB5}"
EndProject
Global
	GlobalSection(SolutionConfigurationPlatforms) = preSolution
		Debug|Any CPU = Debug|Any CPU
		Debug|x64 = Debug|x64
		Debug|x86 = Debug|x86
		Release|Any CPU = Release|Any CPU
		Release|x64 = Release|x64
		Release|x86 = Release|x86
	EndGlobalSection
	GlobalSection(ProjectConfigurationPlatforms) = postSolution
		{EF178058-7006-4ED9-8268-912C3638A81C}.Debug|Any CPU.ActiveCfg = Debug|Any CPU
		{EF178058-7006-4ED9-8268-912C3638A81C}.Debug|Any CPU.Build.0 = Debug|Any CPU
		{EF178058-7006-4ED9-8268-912C3638A81C}.Debug|x64.ActiveCfg = Debug|Any CPU
		{EF178058-7006-4ED9-8268-912C3638A81C}.Debug|x64.Build.0 = Debug|Any CPU
		{EF178058-7006-4ED9-8268-912C3638A81C}.Debug|x86.ActiveCfg = Debug|Any CPU
		{EF178058-7006-4ED9-8268-912C3638A81C}.Debug|x86.Build.0 = Debug|Any CPU
		{EF178058-7006-4ED9-8268-912C3638A81C}.Release|Any CPU.ActiveCfg = Release|Any CPU
		{EF178058-7006-4ED9-8268-912C3638A81C}.Release|Any CPU.Build.0 = Release|Any CPU
		{EF178058-7006-4ED9-8268-912C3638A81C}.Release|x64.ActiveCfg = Release|Any CPU
		{EF178058-7006-4ED9-8268-912C3638A81C}.Release|x64.Build.0 = Release|Any CPU
		{EF178058-7006-4ED9-8268-912C3638A81C}.Release|x86.ActiveCfg = Release|Any CPU
		{EF178058-7006-4ED9-8268-912C3638A81C}.Release|x86.Build.0 = Release|Any CPU
		{99166CAE-99E9-4F34-A421-48C69C84CB4C}.Debug|Any CPU.ActiveCfg = Debug|Any CPU
		{99166CAE-99E9-4F34-A421-48C69C84CB4C}.Debug|Any CPU.Build.0 = Debug|Any CPU
		{99166CAE-99E9-4F34-A421-48C69C84CB4C}.Debug|x64.ActiveCfg = Debug|x64
		{99166CAE-99E9-4F34-A421-48C69C84CB4C}.Debug|x64.Build.0 = Debug|x64
		{99166CAE-99E9-4F34-A421-48C69C84CB4C}.Debug|x86.ActiveCfg = Debug|x86
		{99166CAE-99E9-4F34-A421-48C69C84CB4C}.Debug|x86.Build.0 = Debug|x86
		{99166CAE-99E9-4F34-A421-48C69C84CB4C}.Release|Any CPU.ActiveCfg = Release|Any CPU
		{99166CAE-99E9-4F34-A421-48C69C84CB4C}.Release|Any CPU.Build.0 = Release|Any CPU
		{99166CAE-99E9-4F34-A421-48C69C84CB4C}.Release|x64.ActiveCfg = Release|x64
		{99166CAE-99E9-4F34-A421-48C69C84CB4C}.Release|x64.Build.0 = Release|x64
		{99166CAE-99E9-4F34-A421-48C69C84CB4C}.Release|x86.ActiveCfg = Release|x86
		{99166CAE-99E9-4F34-A421-48C69C84CB4C}.Release|x86.Build.0 = Release|x86
		{E0C60B38-8960-4F2A-B9D7-FECAE04F410E}.Debug|Any CPU.ActiveCfg = Debug|Any CPU
		{E0C60B38-8960-4F2A-B9D7-FECAE04F410E}.Debug|Any CPU.Build.0 = Debug|Any CPU
		{E0C60B38-8960-4F2A-B9D7-FECAE04F410E}.Debug|x64.ActiveCfg = Debug|Any CPU
		{E0C60B38-8960-4F2A-B9D7-FECAE04F410E}.Debug|x64.Build.0 = Debug|Any CPU
		{E0C60B38-8960-4F2A-B9D7-FECAE04F410E}.Debug|x86.ActiveCfg = Debug|Any CPU
		{E0C60B38-8960-4F2A-B9D7-FECAE04F410E}.Debug|x86.Build.0 = Debug|Any CPU
		{E0C60B38-8960-4F2A-B9D7-FECAE04F410E}.Release|Any CPU.ActiveCfg = Release|Any CPU
		{E0C60B38-8960-4F2A-B9D7-FECAE04F410E}.Release|Any CPU.Build.0 = Release|Any CPU
		{E0C60B38-8960-4F2A-B9D7-FECAE04F410E}.Release|x64.ActiveCfg = Release|Any CPU
		{E0C60B38-8960-4F2A-B9D7-FECAE04F410E}.Release|x64.Build.0 = Release|Any CPU
		{E0C60B38-8960-4F2A-B9D7-FECAE04F410E}.Release|x86.ActiveCfg = Release|Any CPU
		{E0C60B38-8960-4F2A-B9D7-FECAE04F410E}.Release|x86.Build.0 = Release|Any CPU
		{597EE125-1859-4EDF-8EA3-B490ADB95EB5}.Debug|Any CPU.ActiveCfg = Debug|Any CPU
		{597EE125-1859-4EDF-8EA3-B490ADB95EB5}.Debug|Any CPU.Build.0 = Debug|Any CPU
		{597EE125-1859-4EDF-8EA3-B490ADB95EB5}.Debug|x64.ActiveCfg = Debug|Any CPU
		{597EE125-1859-4EDF-8EA3-B490ADB95EB5}.Debug|x64.Build.0 = Debug|Any CPU
		{597EE125-1859-4EDF-8EA3-B490ADB95EB5}.Debug|x86.ActiveCfg = Debug|Any CPU
		{597EE125-1859-4EDF-8EA3-B490ADB95EB5}.Debug|x86.Build.0 = Debug|Any CPU
		{597EE125-1859-4EDF-8EA3-B490ADB95EB5}.Release|Any CPU.ActiveCfg = Release|Any CPU
		{597EE125-1859-4EDF-8EA3-B490ADB95EB5}.Release|Any CPU.Build.0 = Release|Any CPU
		{597EE125-1859-4EDF-8EA3-B490ADB95EB5}.Release|x64.ActiveCfg = Release|Any CPU
		{597EE125-1859-4EDF-8EA3-B490ADB95EB5}.Release|x64.Build.0 = Release|Any CPU
		{597EE125-1859-4EDF-8EA3-B490ADB95EB5}.Release|x86.ActiveCfg = Release|Any CPU
		{597EE125-1859-4EDF-8EA3-B490ADB95EB5}.Release|x86.Build.0 = Release|Any CPU
	EndGlobalSection
	GlobalSection(SolutionProperties) = preSolution
		HideSolutionNode = FALSE
	EndGlobalSection
	GlobalSection(ExtensibilityGlobals) = postSolution
		SolutionGuid = {9C5AE95E-71A9-4D06-A4E6-D49FDCCD27E1}
	EndGlobalSection
EndGlobal
